
Microsoft Visual Studio Solution File, Format Version 12.00
# Visual Studio Version 17
VisualStudioVersion = 17.0.31912.275
MinimumVisualStudioVersion = 10.0.40219.1
Project("{9A19103F-16F7-4668-BE54-9A1E7A4F7556}") = "Body4U.Identity", "Body4U.Identity\Body4U.Identity.csproj", "{D373FC48-2686-4869-9B84-0C56AD0D1B5E}"
EndProject
Project("{9A19103F-16F7-4668-BE54-9A1E7A4F7556}") = "Body4U.Common", "Body4U.Common\Body4U.Common.csproj", "{72BEC5F9-E8D8-4BC2-A147-DDE18B84E328}"
EndProject
Project("{9A19103F-16F7-4668-BE54-9A1E7A4F7556}") = "Body4U.EmailSender", "Body4U.EmailSender\Body4U.EmailSender.csproj", "{F3E5C0D2-A98F-4C8A-B093-5A9B5EECE0B6}"
EndProject
Project("{2150E333-8FDC-42A3-9474-1A3956D46DE8}") = "Tests", "Tests", "{32ADDA49-AA81-433B-94B0-3A02B6558C1E}"
EndProject
Project("{2150E333-8FDC-42A3-9474-1A3956D46DE8}") = "Web", "Web", "{EC924908-F00A-4D8F-B10B-5D84927EC31E}"
EndProject
Project("{9A19103F-16F7-4668-BE54-9A1E7A4F7556}") = "Body4U.Identity.Test", "Body4U.Identity.Test\Body4U.Identity.Test.csproj", "{F6892146-29CA-4019-9A34-20410268D4ED}"
EndProject
Project("{9A19103F-16F7-4668-BE54-9A1E7A4F7556}") = "Body4U.Article", "Body4U.Article\Body4U.Article.csproj", "{109922A5-DB36-498E-B1E1-58D523637C27}"
EndProject
Project("{2150E333-8FDC-42A3-9474-1A3956D46DE8}") = "Admin", "Admin", "{66229E52-C399-40A7-B275-FA7D747CD631}"
EndProject
Project("{9A19103F-16F7-4668-BE54-9A1E7A4F7556}") = "Body4U.Admin", "Body4U.Admin\Body4U.Admin.csproj", "{B9965C21-EA5B-4B2E-8F16-80D6DE48E627}"
EndProject
Project("{9A19103F-16F7-4668-BE54-9A1E7A4F7556}") = "Body4U.Article.Gateway", "Body4U.Article.Gateway\Body4U.Article.Gateway.csproj", "{C060F148-CAB8-43A0-8F8E-7528A55AFC28}"
EndProject
Project("{FAE04EC0-301F-11D3-BF4B-00C04F79EFBC}") = "Body4U.Watchdog", "Body4U.Watchdog\Body4U.Watchdog.csproj", "{4EE8A909-A20C-4B26-9F89-EAC3FB6D0E17}"
EndProject
Global
	GlobalSection(SolutionConfigurationPlatforms) = preSolution
		Debug|Any CPU = Debug|Any CPU
		Release|Any CPU = Release|Any CPU
	EndGlobalSection
	GlobalSection(ProjectConfigurationPlatforms) = postSolution
		{D373FC48-2686-4869-9B84-0C56AD0D1B5E}.Debug|Any CPU.ActiveCfg = Debug|Any CPU
		{D373FC48-2686-4869-9B84-0C56AD0D1B5E}.Debug|Any CPU.Build.0 = Debug|Any CPU
		{D373FC48-2686-4869-9B84-0C56AD0D1B5E}.Release|Any CPU.ActiveCfg = Release|Any CPU
		{D373FC48-2686-4869-9B84-0C56AD0D1B5E}.Release|Any CPU.Build.0 = Release|Any CPU
		{72BEC5F9-E8D8-4BC2-A147-DDE18B84E328}.Debug|Any CPU.ActiveCfg = Debug|Any CPU
		{72BEC5F9-E8D8-4BC2-A147-DDE18B84E328}.Debug|Any CPU.Build.0 = Debug|Any CPU
		{72BEC5F9-E8D8-4BC2-A147-DDE18B84E328}.Release|Any CPU.ActiveCfg = Release|Any CPU
		{72BEC5F9-E8D8-4BC2-A147-DDE18B84E328}.Release|Any CPU.Build.0 = Release|Any CPU
		{F3E5C0D2-A98F-4C8A-B093-5A9B5EECE0B6}.Debug|Any CPU.ActiveCfg = Debug|Any CPU
		{F3E5C0D2-A98F-4C8A-B093-5A9B5EECE0B6}.Debug|Any CPU.Build.0 = Debug|Any CPU
		{F3E5C0D2-A98F-4C8A-B093-5A9B5EECE0B6}.Release|Any CPU.ActiveCfg = Release|Any CPU
		{F3E5C0D2-A98F-4C8A-B093-5A9B5EECE0B6}.Release|Any CPU.Build.0 = Release|Any CPU
		{F6892146-29CA-4019-9A34-20410268D4ED}.Debug|Any CPU.ActiveCfg = Debug|Any CPU
		{F6892146-29CA-4019-9A34-20410268D4ED}.Debug|Any CPU.Build.0 = Debug|Any CPU
		{F6892146-29CA-4019-9A34-20410268D4ED}.Release|Any CPU.ActiveCfg = Release|Any CPU
		{F6892146-29CA-4019-9A34-20410268D4ED}.Release|Any CPU.Build.0 = Release|Any CPU
		{109922A5-DB36-498E-B1E1-58D523637C27}.Debug|Any CPU.ActiveCfg = Debug|Any CPU
		{109922A5-DB36-498E-B1E1-58D523637C27}.Debug|Any CPU.Build.0 = Debug|Any CPU
		{109922A5-DB36-498E-B1E1-58D523637C27}.Release|Any CPU.ActiveCfg = Release|Any CPU
		{109922A5-DB36-498E-B1E1-58D523637C27}.Release|Any CPU.Build.0 = Release|Any CPU
		{B9965C21-EA5B-4B2E-8F16-80D6DE48E627}.Debug|Any CPU.ActiveCfg = Debug|Any CPU
		{B9965C21-EA5B-4B2E-8F16-80D6DE48E627}.Debug|Any CPU.Build.0 = Debug|Any CPU
		{B9965C21-EA5B-4B2E-8F16-80D6DE48E627}.Release|Any CPU.ActiveCfg = Release|Any CPU
		{B9965C21-EA5B-4B2E-8F16-80D6DE48E627}.Release|Any CPU.Build.0 = Release|Any CPU
		{C060F148-CAB8-43A0-8F8E-7528A55AFC28}.Debug|Any CPU.ActiveCfg = Debug|Any CPU
		{C060F148-CAB8-43A0-8F8E-7528A55AFC28}.Debug|Any CPU.Build.0 = Debug|Any CPU
		{C060F148-CAB8-43A0-8F8E-7528A55AFC28}.Release|Any CPU.ActiveCfg = Release|Any CPU
		{C060F148-CAB8-43A0-8F8E-7528A55AFC28}.Release|Any CPU.Build.0 = Release|Any CPU
		{4EE8A909-A20C-4B26-9F89-EAC3FB6D0E17}.Debug|Any CPU.ActiveCfg = Debug|Any CPU
		{4EE8A909-A20C-4B26-9F89-EAC3FB6D0E17}.Debug|Any CPU.Build.0 = Debug|Any CPU
		{4EE8A909-A20C-4B26-9F89-EAC3FB6D0E17}.Release|Any CPU.ActiveCfg = Release|Any CPU
		{4EE8A909-A20C-4B26-9F89-EAC3FB6D0E17}.Release|Any CPU.Build.0 = Release|Any CPU
	EndGlobalSection
	GlobalSection(SolutionProperties) = preSolution
		HideSolutionNode = FALSE
	EndGlobalSection
	GlobalSection(NestedProjects) = preSolution
		{D373FC48-2686-4869-9B84-0C56AD0D1B5E} = {EC924908-F00A-4D8F-B10B-5D84927EC31E}
		{F3E5C0D2-A98F-4C8A-B093-5A9B5EECE0B6} = {EC924908-F00A-4D8F-B10B-5D84927EC31E}
		{F6892146-29CA-4019-9A34-20410268D4ED} = {32ADDA49-AA81-433B-94B0-3A02B6558C1E}
		{109922A5-DB36-498E-B1E1-58D523637C27} = {EC924908-F00A-4D8F-B10B-5D84927EC31E}
		{B9965C21-EA5B-4B2E-8F16-80D6DE48E627} = {66229E52-C399-40A7-B275-FA7D747CD631}
		{C060F148-CAB8-43A0-8F8E-7528A55AFC28} = {EC924908-F00A-4D8F-B10B-5D84927EC31E}
		{4EE8A909-A20C-4B26-9F89-EAC3FB6D0E17} = {EC924908-F00A-4D8F-B10B-5D84927EC31E}
	EndGlobalSection
	GlobalSection(ExtensibilityGlobals) = postSolution
		SolutionGuid = {0684F6B0-3819-4C3A-8FB7-1319523C41F1}
	EndGlobalSection
EndGlobal
